Microsoft Visual Studio Solution File, Format Version 11.00
# Visual C++ Express 2010
Project("{8BC9CEB8-8B4A-11D0-8D11-00A0C91BC942}") = "ALL_BUILD", "ALL_BUILD.vcxproj", "{FF1F7826-D157-4439-912B-0DFCD2213071}"
	ProjectSection(ProjectDependencies) = postProject
		{4F338FB7-AD06-443E-A23E-26F1923767C5} = {4F338FB7-AD06-443E-A23E-26F1923767C5}
		{DEAF8808-F6C7-4D56-AD91-76F918FEDBB7} = {DEAF8808-F6C7-4D56-AD91-76F918FEDBB7}
		{66AACA9C-7B27-4F17-A796-02AFE87A011A} = {66AACA9C-7B27-4F17-A796-02AFE87A011A}
		{F872D70F-A8B7-4863-BBEF-B8156653D9C2} = {F872D70F-A8B7-4863-BBEF-B8156653D9C2}
		{7DD57301-CB5C-4243-B72A-E59AD1F580DF} = {7DD57301-CB5C-4243-B72A-E59AD1F580DF}
		{6E10C201-32BE-4040-88B2-E421EDF23FD0} = {6E10C201-32BE-4040-88B2-E421EDF23FD0}
		{13612955-054F-4CF1-9249-FE4B7EE25A8C} = {13612955-054F-4CF1-9249-FE4B7EE25A8C}
	EndProjectSection
EndProject
Project("{8BC9CEB8-8B4A-11D0-8D11-00A0C91BC942}") = "INSTALL", "INSTALL.vcxproj", "{BA53948F-19B0-4DBF-8939-837E6796C338}"
	ProjectSection(ProjectDependencies) = postProject
		{FF1F7826-D157-4439-912B-0DFCD2213071} = {FF1F7826-D157-4439-912B-0DFCD2213071}
	EndProjectSection
EndProject
Project("{8BC9CEB8-8B4A-11D0-8D11-00A0C91BC942}") = "LibCLI", "LibCLI.vcxproj", "{4F338FB7-AD06-443E-A23E-26F1923767C5}"
	ProjectSection(ProjectDependencies) = postProject
		{7DD57301-CB5C-4243-B72A-E59AD1F580DF} = {7DD57301-CB5C-4243-B72A-E59AD1F580DF}
	EndProjectSection
EndProject
Project("{8BC9CEB8-8B4A-11D0-8D11-00A0C91BC942}") = "MultiPlayer", "MultiPlayer.vcxproj", "{DEAF8808-F6C7-4D56-AD91-76F918FEDBB7}"
	ProjectSection(ProjectDependencies) = postProject
		{7DD57301-CB5C-4243-B72A-E59AD1F580DF} = {7DD57301-CB5C-4243-B72A-E59AD1F580DF}
	EndProjectSection
EndProject
Project("{8BC9CEB8-8B4A-11D0-8D11-00A0C91BC942}") = "Plib", "Plib.vcxproj", "{66AACA9C-7B27-4F17-A796-02AFE87A011A}"
	ProjectSection(ProjectDependencies) = postProject
		{7DD57301-CB5C-4243-B72A-E59AD1F580DF} = {7DD57301-CB5C-4243-B72A-E59AD1F580DF}
	EndProjectSection
EndProject
Project("{8BC9CEB8-8B4A-11D0-8D11-00A0C91BC942}") = "SGdebug", "SGdebug.vcxproj", "{F872D70F-A8B7-4863-BBEF-B8156653D9C2}"
	ProjectSection(ProjectDependencies) = postProject
		{7DD57301-CB5C-4243-B72A-E59AD1F580DF} = {7DD57301-CB5C-4243-B72A-E59AD1F580DF}
	EndProjectSection
EndProject
Project("{8BC9CEB8-8B4A-11D0-8D11-00A0C91BC942}") = "ZERO_CHECK", "ZERO_CHECK.vcxproj", "{7DD57301-CB5C-4243-B72A-E59AD1F580DF}"
	ProjectSection(ProjectDependencies) = postProject
	EndProjectSection
EndProject
Project("{8BC9CEB8-8B4A-11D0-8D11-00A0C91BC942}") = "fg_server", "fg_server.vcxproj", "{6E10C201-32BE-4040-88B2-E421EDF23FD0}"
	ProjectSection(ProjectDependencies) = postProject
		{7DD57301-CB5C-4243-B72A-E59AD1F580DF} = {7DD57301-CB5C-4243-B72A-E59AD1F580DF}
	EndProjectSection
EndProject
Project("{8BC9CEB8-8B4A-11D0-8D11-00A0C91BC942}") = "fgms", "fgms.vcxproj", "{13612955-054F-4CF1-9249-FE4B7EE25A8C}"
	ProjectSection(ProjectDependencies) = postProject
		{4F338FB7-AD06-443E-A23E-26F1923767C5} = {4F338FB7-AD06-443E-A23E-26F1923767C5}
		{DEAF8808-F6C7-4D56-AD91-76F918FEDBB7} = {DEAF8808-F6C7-4D56-AD91-76F918FEDBB7}
		{66AACA9C-7B27-4F17-A796-02AFE87A011A} = {66AACA9C-7B27-4F17-A796-02AFE87A011A}
		{F872D70F-A8B7-4863-BBEF-B8156653D9C2} = {F872D70F-A8B7-4863-BBEF-B8156653D9C2}
		{7DD57301-CB5C-4243-B72A-E59AD1F580DF} = {7DD57301-CB5C-4243-B72A-E59AD1F580DF}
		{6E10C201-32BE-4040-88B2-E421EDF23FD0} = {6E10C201-32BE-4040-88B2-E421EDF23FD0}
	EndProjectSection
EndProject
Global
	GlobalSection(SolutionConfigurationPlatforms) = preSolution
		Debug|Win32 = Debug|Win32
		Release|Win32 = Release|Win32
		MinSizeRel|Win32 = MinSizeRel|Win32
		RelWithDebInfo|Win32 = RelWithDebInfo|Win32
	EndGlobalSection
	GlobalSection(ProjectConfigurationPlatforms) = postSolution
		{FF1F7826-D157-4439-912B-0DFCD2213071}.Debug|Win32.ActiveCfg = Debug|Win32
		{FF1F7826-D157-4439-912B-0DFCD2213071}.Debug|Win32.Build.0 = Debug|Win32
		{FF1F7826-D157-4439-912B-0DFCD2213071}.Release|Win32.ActiveCfg = Release|Win32
		{FF1F7826-D157-4439-912B-0DFCD2213071}.Release|Win32.Build.0 = Release|Win32
		{FF1F7826-D157-4439-912B-0DFCD2213071}.MinSizeRel|Win32.ActiveCfg = MinSizeRel|Win32
		{FF1F7826-D157-4439-912B-0DFCD2213071}.MinSizeRel|Win32.Build.0 = MinSizeRel|Win32
		{FF1F7826-D157-4439-912B-0DFCD2213071}.RelWithDebInfo|Win32.ActiveCfg = RelWithDebInfo|Win32
		{FF1F7826-D157-4439-912B-0DFCD2213071}.RelWithDebInfo|Win32.Build.0 = RelWithDebInfo|Win32
		{BA53948F-19B0-4DBF-8939-837E6796C338}.Debug|Win32.ActiveCfg = Debug|Win32
		{BA53948F-19B0-4DBF-8939-837E6796C338}.Release|Win32.ActiveCfg = Release|Win32
		{BA53948F-19B0-4DBF-8939-837E6796C338}.MinSizeRel|Win32.ActiveCfg = MinSizeRel|Win32
		{BA53948F-19B0-4DBF-8939-837E6796C338}.RelWithDebInfo|Win32.ActiveCfg = RelWithDebInfo|Win32
		{4F338FB7-AD06-443E-A23E-26F1923767C5}.Debug|Win32.ActiveCfg = Debug|Win32
		{4F338FB7-AD06-443E-A23E-26F1923767C5}.Debug|Win32.Build.0 = Debug|Win32
		{4F338FB7-AD06-443E-A23E-26F1923767C5}.Release|Win32.ActiveCfg = Release|Win32
		{4F338FB7-AD06-443E-A23E-26F1923767C5}.Release|Win32.Build.0 = Release|Win32
		{4F338FB7-AD06-443E-A23E-26F1923767C5}.MinSizeRel|Win32.ActiveCfg = MinSizeRel|Win32
		{4F338FB7-AD06-443E-A23E-26F1923767C5}.MinSizeRel|Win32.Build.0 = MinSizeRel|Win32
		{4F338FB7-AD06-443E-A23E-26F1923767C5}.RelWithDebInfo|Win32.ActiveCfg = RelWithDebInfo|Win32
		{4F338FB7-AD06-443E-A23E-26F1923767C5}.RelWithDebInfo|Win32.Build.0 = RelWithDebInfo|Win32
		{DEAF8808-F6C7-4D56-AD91-76F918FEDBB7}.Debug|Win32.ActiveCfg = Debug|Win32
		{DEAF8808-F6C7-4D56-AD91-76F918FEDBB7}.Debug|Win32.Build.0 = Debug|Win32
		{DEAF8808-F6C7-4D56-AD91-76F918FEDBB7}.Release|Win32.ActiveCfg = Release|Win32
		{DEAF8808-F6C7-4D56-AD91-76F918FEDBB7}.Release|Win32.Build.0 = Release|Win32
		{DEAF8808-F6C7-4D56-AD91-76F918FEDBB7}.MinSizeRel|Win32.ActiveCfg = MinSizeRel|Win32
		{DEAF8808-F6C7-4D56-AD91-76F918FEDBB7}.MinSizeRel|Win32.Build.0 = MinSizeRel|Win32
		{DEAF8808-F6C7-4D56-AD91-76F918FEDBB7}.RelWithDebInfo|Win32.ActiveCfg = RelWithDebInfo|Win32
		{DEAF8808-F6C7-4D56-AD91-76F918FEDBB7}.RelWithDebInfo|Win32.Build.0 = RelWithDebInfo|Win32
		{66AACA9C-7B27-4F17-A796-02AFE87A011A}.Debug|Win32.ActiveCfg = Debug|Win32
		{66AACA9C-7B27-4F17-A796-02AFE87A011A}.Debug|Win32.Build.0 = Debug|Win32
		{66AACA9C-7B27-4F17-A796-02AFE87A011A}.Release|Win32.ActiveCfg = Release|Win32
		{66AACA9C-7B27-4F17-A796-02AFE87A011A}.Release|Win32.Build.0 = Release|Win32
		{66AACA9C-7B27-4F17-A796-02AFE87A011A}.MinSizeRel|Win32.ActiveCfg = MinSizeRel|Win32
		{66AACA9C-7B27-4F17-A796-02AFE87A011A}.MinSizeRel|Win32.Build.0 = MinSizeRel|Win32
		{66AACA9C-7B27-4F17-A796-02AFE87A011A}.RelWithDebInfo|Win32.ActiveCfg = RelWithDebInfo|Win32
		{66AACA9C-7B27-4F17-A796-02AFE87A011A}.RelWithDebInfo|Win32.Build.0 = RelWithDebInfo|Win32
		{F872D70F-A8B7-4863-BBEF-B8156653D9C2}.Debug|Win32.ActiveCfg = Debug|Win32
		{F872D70F-A8B7-4863-BBEF-B8156653D9C2}.Debug|Win32.Build.0 = Debug|Win32
		{F872D70F-A8B7-4863-BBEF-B8156653D9C2}.Release|Win32.ActiveCfg = Release|Win32
		{F872D70F-A8B7-4863-BBEF-B8156653D9C2}.Release|Win32.Build.0 = Release|Win32
		{F872D70F-A8B7-4863-BBEF-B8156653D9C2}.MinSizeRel|Win32.ActiveCfg = MinSizeRel|Win32
		{F872D70F-A8B7-4863-BBEF-B8156653D9C2}.MinSizeRel|Win32.Build.0 = MinSizeRel|Win32
		{F872D70F-A8B7-4863-BBEF-B8156653D9C2}.RelWithDebInfo|Win32.ActiveCfg = RelWithDebInfo|Win32
		{F872D70F-A8B7-4863-BBEF-B8156653D9C2}.RelWithDebInfo|Win32.Build.0 = RelWithDebInfo|Win32
		{7DD57301-CB5C-4243-B72A-E59AD1F580DF}.Debug|Win32.ActiveCfg = Debug|Win32
		{7DD57301-CB5C-4243-B72A-E59AD1F580DF}.Debug|Win32.Build.0 = Debug|Win32
		{7DD57301-CB5C-4243-B72A-E59AD1F580DF}.Release|Win32.ActiveCfg = Release|Win32
		{7DD57301-CB5C-4243-B72A-E59AD1F580DF}.Release|Win32.Build.0 = Release|Win32
		{7DD57301-CB5C-4243-B72A-E59AD1F580DF}.MinSizeRel|Win32.ActiveCfg = MinSizeRel|Win32
		{7DD57301-CB5C-4243-B72A-E59AD1F580DF}.MinSizeRel|Win32.Build.0 = MinSizeRel|Win32
		{7DD57301-CB5C-4243-B72A-E59AD1F580DF}.RelWithDebInfo|Win32.ActiveCfg = RelWithDebInfo|Win32
		{7DD57301-CB5C-4243-B72A-E59AD1F580DF}.RelWithDebInfo|Win32.Build.0 = RelWithDebInfo|Win32
		{6E10C201-32BE-4040-88B2-E421EDF23FD0}.Debug|Win32.ActiveCfg = Debug|Win32
		{6E10C201-32BE-4040-88B2-E421EDF23FD0}.Debug|Win32.Build.0 = Debug|Win32
		{6E10C201-32BE-4040-88B2-E421EDF23FD0}.Release|Win32.ActiveCfg = Release|Win32
		{6E10C201-32BE-4040-88B2-E421EDF23FD0}.Release|Win32.Build.0 = Release|Win32
		{6E10C201-32BE-4040-88B2-E421EDF23FD0}.MinSizeRel|Win32.ActiveCfg = MinSizeRel|Win32
		{6E10C201-32BE-4040-88B2-E421EDF23FD0}.MinSizeRel|Win32.Build.0 = MinSizeRel|Win32
		{6E10C201-32BE-4040-88B2-E421EDF23FD0}.RelWithDebInfo|Win32.ActiveCfg = RelWithDebInfo|Win32
		{6E10C201-32BE-4040-88B2-E421EDF23FD0}.RelWithDebInfo|Win32.Build.0 = RelWithDebInfo|Win32
		{13612955-054F-4CF1-9249-FE4B7EE25A8C}.Debug|Win32.ActiveCfg = Debug|Win32
		{13612955-054F-4CF1-9249-FE4B7EE25A8C}.Debug|Win32.Build.0 = Debug|Win32
		{13612955-054F-4CF1-9249-FE4B7EE25A8C}.Release|Win32.ActiveCfg = Release|Win32
		{13612955-054F-4CF1-9249-FE4B7EE25A8C}.Release|Win32.Build.0 = Release|Win32
		{13612955-054F-4CF1-9249-FE4B7EE25A8C}.MinSizeRel|Win32.ActiveCfg = MinSizeRel|Win32
		{13612955-054F-4CF1-9249-FE4B7EE25A8C}.MinSizeRel|Win32.Build.0 = MinSizeRel|Win32
		{13612955-054F-4CF1-9249-FE4B7EE25A8C}.RelWithDebInfo|Win32.ActiveCfg = RelWithDebInfo|Win32
		{13612955-054F-4CF1-9249-FE4B7EE25A8C}.RelWithDebInfo|Win32.Build.0 = RelWithDebInfo|Win32
	EndGlobalSection
	GlobalSection(ExtensibilityGlobals) = postSolution
	EndGlobalSection
	GlobalSection(ExtensibilityAddIns) = postSolution
	EndGlobalSection
EndGlobal
