Microsoft Visual Studio Solution File, Format Version 11.00
# Visual C++ Express 2010
Project("{8BC9CEB8-8B4A-11D0-8D11-00A0C91BC942}") = "ALL_BUILD", "ALL_BUILD.vcxproj", "{B7278093-5EA7-4283-9239-8991ADB22566}"
EndProject
Project("{8BC9CEB8-8B4A-11D0-8D11-00A0C91BC942}") = "LibCLI", "LibCLI.vcxproj", "{E2786C36-FF4B-40F0-9D35-CD20F6BDCF28}"
EndProject
Project("{8BC9CEB8-8B4A-11D0-8D11-00A0C91BC942}") = "MultiPlayer", "MultiPlayer.vcxproj", "{6AD1BC86-4B71-4ADF-8829-C26BC228A34B}"
EndProject
Project("{8BC9CEB8-8B4A-11D0-8D11-00A0C91BC942}") = "Plib", "Plib.vcxproj", "{93A98A03-E5C8-4351-8A98-3EBB3DFD39A9}"
EndProject
Project("{8BC9CEB8-8B4A-11D0-8D11-00A0C91BC942}") = "SGdebug", "SGdebug.vcxproj", "{3B8A1D83-5F9E-40FE-8786-89592A994549}"
EndProject
Project("{8BC9CEB8-8B4A-11D0-8D11-00A0C91BC942}") = "ZERO_CHECK", "ZERO_CHECK.vcxproj", "{AAB3118A-0CA2-4298-BEE6-E47CDEC49448}"
EndProject
Project("{8BC9CEB8-8B4A-11D0-8D11-00A0C91BC942}") = "fg_server", "fg_server.vcxproj", "{8A6870E6-5715-46EC-98BD-8741F0C85AEC}"
EndProject
Project("{8BC9CEB8-8B4A-11D0-8D11-00A0C91BC942}") = "fgms", "fgms.vcxproj", "{D02FE908-2273-409B-91C3-2FB607C721D0}"
EndProject
Global
	GlobalSection(SolutionConfigurationPlatforms) = preSolution
		Debug|Win32 = Debug|Win32
		MinSizeRel|Win32 = MinSizeRel|Win32
		Release|Win32 = Release|Win32
		RelWithDebInfo|Win32 = RelWithDebInfo|Win32
	EndGlobalSection
	GlobalSection(ProjectConfigurationPlatforms) = postSolution
		{B7278093-5EA7-4283-9239-8991ADB22566}.Debug|Win32.ActiveCfg = Debug|Win32
		{B7278093-5EA7-4283-9239-8991ADB22566}.Debug|Win32.Build.0 = Debug|Win32
		{B7278093-5EA7-4283-9239-8991ADB22566}.MinSizeRel|Win32.ActiveCfg = MinSizeRel|Win32
		{B7278093-5EA7-4283-9239-8991ADB22566}.MinSizeRel|Win32.Build.0 = MinSizeRel|Win32
		{B7278093-5EA7-4283-9239-8991ADB22566}.Release|Win32.ActiveCfg = Release|Win32
		{B7278093-5EA7-4283-9239-8991ADB22566}.Release|Win32.Build.0 = Release|Win32
		{B7278093-5EA7-4283-9239-8991ADB22566}.RelWithDebInfo|Win32.ActiveCfg = RelWithDebInfo|Win32
		{B7278093-5EA7-4283-9239-8991ADB22566}.RelWithDebInfo|Win32.Build.0 = RelWithDebInfo|Win32
		{E2786C36-FF4B-40F0-9D35-CD20F6BDCF28}.Debug|Win32.ActiveCfg = Debug|Win32
		{E2786C36-FF4B-40F0-9D35-CD20F6BDCF28}.Debug|Win32.Build.0 = Debug|Win32
		{E2786C36-FF4B-40F0-9D35-CD20F6BDCF28}.MinSizeRel|Win32.ActiveCfg = MinSizeRel|Win32
		{E2786C36-FF4B-40F0-9D35-CD20F6BDCF28}.MinSizeRel|Win32.Build.0 = MinSizeRel|Win32
		{E2786C36-FF4B-40F0-9D35-CD20F6BDCF28}.Release|Win32.ActiveCfg = Release|Win32
		{E2786C36-FF4B-40F0-9D35-CD20F6BDCF28}.Release|Win32.Build.0 = Release|Win32
		{E2786C36-FF4B-40F0-9D35-CD20F6BDCF28}.RelWithDebInfo|Win32.ActiveCfg = RelWithDebInfo|Win32
		{E2786C36-FF4B-40F0-9D35-CD20F6BDCF28}.RelWithDebInfo|Win32.Build.0 = RelWithDebInfo|Win32
		{6AD1BC86-4B71-4ADF-8829-C26BC228A34B}.Debug|Win32.ActiveCfg = Debug|Win32
		{6AD1BC86-4B71-4ADF-8829-C26BC228A34B}.Debug|Win32.Build.0 = Debug|Win32
		{6AD1BC86-4B71-4ADF-8829-C26BC228A34B}.MinSizeRel|Win32.ActiveCfg = MinSizeRel|Win32
		{6AD1BC86-4B71-4ADF-8829-C26BC228A34B}.MinSizeRel|Win32.Build.0 = MinSizeRel|Win32
		{6AD1BC86-4B71-4ADF-8829-C26BC228A34B}.Release|Win32.ActiveCfg = Release|Win32
		{6AD1BC86-4B71-4ADF-8829-C26BC228A34B}.Release|Win32.Build.0 = Release|Win32
		{6AD1BC86-4B71-4ADF-8829-C26BC228A34B}.RelWithDebInfo|Win32.ActiveCfg = RelWithDebInfo|Win32
		{6AD1BC86-4B71-4ADF-8829-C26BC228A34B}.RelWithDebInfo|Win32.Build.0 = RelWithDebInfo|Win32
		{93A98A03-E5C8-4351-8A98-3EBB3DFD39A9}.Debug|Win32.ActiveCfg = Debug|Win32
		{93A98A03-E5C8-4351-8A98-3EBB3DFD39A9}.Debug|Win32.Build.0 = Debug|Win32
		{93A98A03-E5C8-4351-8A98-3EBB3DFD39A9}.MinSizeRel|Win32.ActiveCfg = MinSizeRel|Win32
		{93A98A03-E5C8-4351-8A98-3EBB3DFD39A9}.MinSizeRel|Win32.Build.0 = MinSizeRel|Win32
		{93A98A03-E5C8-4351-8A98-3EBB3DFD39A9}.Release|Win32.ActiveCfg = Release|Win32
		{93A98A03-E5C8-4351-8A98-3EBB3DFD39A9}.Release|Win32.Build.0 = Release|Win32
		{93A98A03-E5C8-4351-8A98-3EBB3DFD39A9}.RelWithDebInfo|Win32.ActiveCfg = RelWithDebInfo|Win32
		{93A98A03-E5C8-4351-8A98-3EBB3DFD39A9}.RelWithDebInfo|Win32.Build.0 = RelWithDebInfo|Win32
		{3B8A1D83-5F9E-40FE-8786-89592A994549}.Debug|Win32.ActiveCfg = Debug|Win32
		{3B8A1D83-5F9E-40FE-8786-89592A994549}.Debug|Win32.Build.0 = Debug|Win32
		{3B8A1D83-5F9E-40FE-8786-89592A994549}.MinSizeRel|Win32.ActiveCfg = MinSizeRel|Win32
		{3B8A1D83-5F9E-40FE-8786-89592A994549}.MinSizeRel|Win32.Build.0 = MinSizeRel|Win32
		{3B8A1D83-5F9E-40FE-8786-89592A994549}.Release|Win32.ActiveCfg = Release|Win32
		{3B8A1D83-5F9E-40FE-8786-89592A994549}.Release|Win32.Build.0 = Release|Win32
		{3B8A1D83-5F9E-40FE-8786-89592A994549}.RelWithDebInfo|Win32.ActiveCfg = RelWithDebInfo|Win32
		{3B8A1D83-5F9E-40FE-8786-89592A994549}.RelWithDebInfo|Win32.Build.0 = RelWithDebInfo|Win32
		{AAB3118A-0CA2-4298-BEE6-E47CDEC49448}.Debug|Win32.ActiveCfg = Debug|Win32
		{AAB3118A-0CA2-4298-BEE6-E47CDEC49448}.Debug|Win32.Build.0 = Debug|Win32
		{AAB3118A-0CA2-4298-BEE6-E47CDEC49448}.MinSizeRel|Win32.ActiveCfg = MinSizeRel|Win32
		{AAB3118A-0CA2-4298-BEE6-E47CDEC49448}.MinSizeRel|Win32.Build.0 = MinSizeRel|Win32
		{AAB3118A-0CA2-4298-BEE6-E47CDEC49448}.Release|Win32.ActiveCfg = Release|Win32
		{AAB3118A-0CA2-4298-BEE6-E47CDEC49448}.Release|Win32.Build.0 = Release|Win32
		{AAB3118A-0CA2-4298-BEE6-E47CDEC49448}.RelWithDebInfo|Win32.ActiveCfg = RelWithDebInfo|Win32
		{AAB3118A-0CA2-4298-BEE6-E47CDEC49448}.RelWithDebInfo|Win32.Build.0 = RelWithDebInfo|Win32
		{8A6870E6-5715-46EC-98BD-8741F0C85AEC}.Debug|Win32.ActiveCfg = Debug|Win32
		{8A6870E6-5715-46EC-98BD-8741F0C85AEC}.Debug|Win32.Build.0 = Debug|Win32
		{8A6870E6-5715-46EC-98BD-8741F0C85AEC}.MinSizeRel|Win32.ActiveCfg = MinSizeRel|Win32
		{8A6870E6-5715-46EC-98BD-8741F0C85AEC}.MinSizeRel|Win32.Build.0 = MinSizeRel|Win32
		{8A6870E6-5715-46EC-98BD-8741F0C85AEC}.Release|Win32.ActiveCfg = Release|Win32
		{8A6870E6-5715-46EC-98BD-8741F0C85AEC}.Release|Win32.Build.0 = Release|Win32
		{8A6870E6-5715-46EC-98BD-8741F0C85AEC}.RelWithDebInfo|Win32.ActiveCfg = RelWithDebInfo|Win32
		{8A6870E6-5715-46EC-98BD-8741F0C85AEC}.RelWithDebInfo|Win32.Build.0 = RelWithDebInfo|Win32
		{D02FE908-2273-409B-91C3-2FB607C721D0}.Debug|Win32.ActiveCfg = Debug|Win32
		{D02FE908-2273-409B-91C3-2FB607C721D0}.Debug|Win32.Build.0 = Debug|Win32
		{D02FE908-2273-409B-91C3-2FB607C721D0}.MinSizeRel|Win32.ActiveCfg = MinSizeRel|Win32
		{D02FE908-2273-409B-91C3-2FB607C721D0}.MinSizeRel|Win32.Build.0 = MinSizeRel|Win32
		{D02FE908-2273-409B-91C3-2FB607C721D0}.Release|Win32.ActiveCfg = Release|Win32
		{D02FE908-2273-409B-91C3-2FB607C721D0}.Release|Win32.Build.0 = Release|Win32
		{D02FE908-2273-409B-91C3-2FB607C721D0}.RelWithDebInfo|Win32.ActiveCfg = RelWithDebInfo|Win32
		{D02FE908-2273-409B-91C3-2FB607C721D0}.RelWithDebInfo|Win32.Build.0 = RelWithDebInfo|Win32
	EndGlobalSection
	GlobalSection(SolutionProperties) = preSolution
		HideSolutionNode = FALSE
	EndGlobalSection
EndGlobal
