<?xml version="1.0" encoding="utf-8"?>
<Project ToolsVersion="4.0" xmlns="http://schemas.microsoft.com/developer/msbuild/2003">
  <ItemGroup>
    <Filter Include="Source Files">
      <UniqueIdentifier>{4cdff548-cb1d-470e-a0af-639a0f0a86a9}</UniqueIdentifier>
    </Filter>
    <Filter Include="Header Files">
      <UniqueIdentifier>{f0469cb6-ae64-4cb3-85ca-1471c32caa34}</UniqueIdentifier>
    </Filter>
  </ItemGroup>
  <ItemGroup>
    <ClInclude Include="..\..\..\MultiplayerServer\fgms-fgms-0-x\src\flightgear\MultiPlayer\mpmessages.hxx">
      <Filter>Header Files</Filter>
    </ClInclude>
    <ClInclude Include="..\..\..\MultiplayerServer\fgms-fgms-0-x\src\flightgear\MultiPlayer\tiny_xdr.hxx">
      <Filter>Header Files</Filter>
    </ClInclude>
  </ItemGroup>
  <ItemGroup>
    <CustomBuild Include="..\..\..\MultiplayerServer\fgms-fgms-0-x\CMakeLists.txt" />
  </ItemGroup>
  <ItemGroup>
    <ClCompile Include="..\..\..\MultiplayerServer\fgms-fgms-0-x\src\flightgear\MultiPlayer\tiny_xdr.cxx">
      <Filter>Source Files</Filter>
    </ClCompile>
  </ItemGroup>
</Project>