<?xml version="1.0" encoding="utf-8"?>
<Project ToolsVersion="4.0" xmlns="http://schemas.microsoft.com/developer/msbuild/2003">
  <ItemGroup>
    <Filter Include="Source Files">
      <UniqueIdentifier>{8721d44c-e1b5-4a84-b386-aff96574f4fd}</UniqueIdentifier>
    </Filter>
    <Filter Include="Header Files">
      <UniqueIdentifier>{3fb38854-408d-4713-b33f-13737fe9490e}</UniqueIdentifier>
    </Filter>
  </ItemGroup>
  <ItemGroup>
    <CustomBuild Include="..\..\..\MultiplayerServer\fgms-fgms-0-x\CMakeLists.txt" />
  </ItemGroup>
  <ItemGroup>
    <ClCompile Include="..\..\..\MultiplayerServer\fgms-fgms-0-x\src\plib\netSocket.cxx">
      <Filter>Source Files</Filter>
    </ClCompile>
  </ItemGroup>
  <ItemGroup>
    <ClInclude Include="..\..\..\MultiplayerServer\fgms-fgms-0-x\src\plib\netSocket.h">
      <Filter>Header Files</Filter>
    </ClInclude>
  </ItemGroup>
</Project>